// !$*UTF8*$!
{
	archiveVersion = 1;
	classes = {
	};
	objectVersion = 46;
	objects = {

/* Begin PBXBuildFile section */
		0C54D0C71B93380B004B8434 /* main.swift in Sources */ = {isa = PBXBuildFile; fileRef = 0C54D0C61B93380B004B8434 /* main.swift */; };
		0C6F5B0C1B9F258E0047272C /* Demo0908.swift in Sources */ = {isa = PBXBuildFile; fileRef = 0C6F5B0B1B9F258E0047272C /* Demo0908.swift */; };
		0C6F5B0E1BA06F6F0047272C /* Demo0909.swift in Sources */ = {isa = PBXBuildFile; fileRef = 0C6F5B0D1BA06F6F0047272C /* Demo0909.swift */; };
		0C6F5B101BA3C3430047272C /* Demo0910.swift in Sources */ = {isa = PBXBuildFile; fileRef = 0C6F5B0F1BA3C3430047272C /* Demo0910.swift */; };
		0C6F5B121BA511830047272C /* Demo0913.swift in Sources */ = {isa = PBXBuildFile; fileRef = 0C6F5B111BA511830047272C /* Demo0913.swift */; };
		0C7A05901BA55C6600DC237C /* Demo0912.swift in Sources */ = {isa = PBXBuildFile; fileRef = 0C7A058F1BA55C6600DC237C /* Demo0912.swift */; };
/* End PBXBuildFile section */

/* Begin PBXCopyFilesBuildPhase section */
		0C54D0C11B93380B004B8434 /* CopyFiles */ = {
			isa = PBXCopyFilesBuildPhase;
			buildActionMask = 2147483647;
			dstPath = /usr/share/man/man1/;
			dstSubfolderSpec = 0;
			files = (
			);
			runOnlyForDeploymentPostprocessing = 1;
		};
/* End PBXCopyFilesBuildPhase section */

/* Begin PBXFileReference section */
		0C54D0C31B93380B004B8434 /* HelloSwift */ = {isa = PBXFileReference; explicitFileType = "compiled.mach-o.executable"; includeInIndex = 0; path = HelloSwift; sourceTree = BUILT_PRODUCTS_DIR; };
		0C54D0C61B93380B004B8434 /* main.swift */ = {isa = PBXFileReference; lastKnownFileType = sourcecode.swift; path = main.swift; sourceTree = "<group>"; };
		0C6F5B0B1B9F258E0047272C /* Demo0908.swift */ = {isa = PBXFileReference; fileEncoding = 4; lastKnownFileType = sourcecode.swift; path = Demo0908.swift; sourceTree = "<group>"; };
		0C6F5B0D1BA06F6F0047272C /* Demo0909.swift */ = {isa = PBXFileReference; fileEncoding = 4; lastKnownFileType = sourcecode.swift; path = Demo0909.swift; sourceTree = "<group>"; };
		0C6F5B0F1BA3C3430047272C /* Demo0910.swift */ = {isa = PBXFileReference; fileEncoding = 4; lastKnownFileType = sourcecode.swift; path = Demo0910.swift; sourceTree = "<group>"; };
		0C6F5B111BA511830047272C /* Demo0913.swift */ = {isa = PBXFileReference; fileEncoding = 4; lastKnownFileType = sourcecode.swift; path = Demo0913.swift; sourceTree = "<group>"; };
		0C7A058F1BA55C6600DC237C /* Demo0912.swift */ = {isa = PBXFileReference; fileEncoding = 4; lastKnownFileType = sourcecode.swift; path = Demo0912.swift; sourceTree = "<group>"; };
/* End PBXFileReference section */

/* Begin PBXFrameworksBuildPhase section */
		0C54D0C01B93380B004B8434 /* Frameworks */ = {
			isa = PBXFrameworksBuildPhase;
			buildActionMask = 2147483647;
			files = (
			);
			runOnlyForDeploymentPostprocessing = 0;
		};
/* End PBXFrameworksBuildPhase section */

/* Begin PBXGroup section */
		0C54D0BA1B93380B004B8434 = {
			isa = PBXGroup;
			children = (
				0C54D0C51B93380B004B8434 /* HelloSwift */,
				0C54D0C41B93380B004B8434 /* Products */,
			);
			sourceTree = "<group>";
		};
		0C54D0C41B93380B004B8434 /* Products */ = {
			isa = PBXGroup;
			children = (
				0C54D0C31B93380B004B8434 /* HelloSwift */,
			);
			name = Products;
			sourceTree = "<group>";
		};
		0C54D0C51B93380B004B8434 /* HelloSwift */ = {
			isa = PBXGroup;
			children = (
				0C6F5B0A1B9F255E0047272C /* Group1 */,
				0C54D0C61B93380B004B8434 /* main.swift */,
			);
			path = HelloSwift;
			sourceTree = "<group>";
		};
		0C6F5B0A1B9F255E0047272C /* Group1 */ = {
			isa = PBXGroup;
			children = (
				0C6F5B0B1B9F258E0047272C /* Demo0908.swift */,
				0C6F5B0D1BA06F6F0047272C /* Demo0909.swift */,
				0C6F5B0F1BA3C3430047272C /* Demo0910.swift */,
				0C7A058F1BA55C6600DC237C /* Demo0912.swift */,
				0C6F5B111BA511830047272C /* Demo0913.swift */,
			);
			name = Group1;
			sourceTree = "<group>";
		};
/* End PBXGroup section */

/* Begin PBXNativeTarget section */
		0C54D0C21B93380B004B8434 /* HelloSwift */ = {
			isa = PBXNativeTarget;
			buildConfigurationList = 0C54D0CA1B93380B004B8434 /* Build configuration list for PBXNativeTarget "HelloSwift" */;
			buildPhases = (
				0C54D0BF1B93380B004B8434 /* Sources */,
				0C54D0C01B93380B004B8434 /* Frameworks */,
				0C54D0C11B93380B004B8434 /* CopyFiles */,
			);
			buildRules = (
			);
			dependencies = (
			);
			name = HelloSwift;
			productName = HelloSwift;
			productReference = 0C54D0C31B93380B004B8434 /* HelloSwift */;
			productType = "com.apple.product-type.tool";
		};
/* End PBXNativeTarget section */

/* Begin PBXProject section */
		0C54D0BB1B93380B004B8434 /* Project object */ = {
			isa = PBXProject;
			attributes = {
				LastUpgradeCheck = 0640;
				ORGANIZATIONNAME = RyanYou;
				TargetAttributes = {
					0C54D0C21B93380B004B8434 = {
						CreatedOnToolsVersion = 6.4;
					};
				};
			};
			buildConfigurationList = 0C54D0BE1B93380B004B8434 /* Build configuration list for PBXProject "HelloSwift" */;
			compatibilityVersion = "Xcode 3.2";
			developmentRegion = English;
			hasScannedForEncodings = 0;
			knownRegions = (
				en,
			);
			mainGroup = 0C54D0BA1B93380B004B8434;
			productRefGroup = 0C54D0C41B93380B004B8434 /* Products */;
			projectDirPath = "";
			projectRoot = "";
			targets = (
				0C54D0C21B93380B004B8434 /* HelloSwift */,
			);
		};
/* End PBXProject section */

/* Begin PBXSourcesBuildPhase section */
		0C54D0BF1B93380B004B8434 /* Sources */ = {
			isa = PBXSourcesBuildPhase;
			buildActionMask = 2147483647;
			files = (
				0C7A05901BA55C6600DC237C /* Demo0912.swift in Sources */,
				0C6F5B121BA511830047272C /* Demo0913.swift in Sources */,
				0C6F5B101BA3C3430047272C /* Demo0910.swift in Sources */,
				0C6F5B0E1BA06F6F0047272C /* Demo0909.swift in Sources */,
				0C6F5B0C1B9F258E0047272C /* Demo0908.swift in Sources */,
				0C54D0C71B93380B004B8434 /* main.swift in Sources */,
			);
			runOnlyForDeploymentPostprocessing = 0;
		};
/* End PBXSourcesBuildPhase section */

/* Begin XCBuildConfiguration section */
		0C54D0C81B93380B004B8434 /* Debug */ = {
			isa = XCBuildConfiguration;
			buildSettings = {
				ALWAYS_SEARCH_USER_PATHS = NO;
				CLANG_CXX_LANGUAGE_STANDARD = "gnu++0x";
				CLANG_CXX_LIBRARY = "libc++";
				CLANG_ENABLE_MODULES = YES;
				CLANG_ENABLE_OBJC_ARC = YES;
				CLANG_WARN_BOOL_CONVERSION = YES;
				CLANG_WARN_CONSTANT_CONVERSION = YES;
				CLANG_WARN_DIRECT_OBJC_ISA_USAGE = YES_ERROR;
				CLANG_WARN_EMPTY_BODY = YES;
				CLANG_WARN_ENUM_CONVERSION = YES;
				CLANG_WARN_INT_CONVERSION = YES;
				CLANG_WARN_OBJC_ROOT_CLASS = YES_ERROR;
				CLANG_WARN_UNREACHABLE_CODE = YES;
				CLANG_WARN__DUPLICATE_METHOD_MATCH = YES;
				COPY_PHASE_STRIP = NO;
				DEBUG_INFORMATION_FORMAT = dwarf;
				ENABLE_STRICT_OBJC_MSGSEND = YES;
				GCC_C_LANGUAGE_STANDARD = gnu99;
				GCC_DYNAMIC_NO_PIC = NO;
				GCC_NO_COMMON_BLOCKS = YES;
				GCC_OPTIMIZATION_LEVEL = 0;
				GCC_PREPROCESSOR_DEFINITIONS = (
					"DEBUG=1",
					"$(inherited)",
				);
				GCC_SYMBOLS_PRIVATE_EXTERN = NO;
				GCC_WARN_64_TO_32_BIT_CONVERSION = YES;
				GCC_WARN_ABOUT_RETURN_TYPE = YES_ERROR;
				GCC_WARN_UNDECLARED_SELECTOR = YES;
				GCC_WARN_UNINITIALIZED_AUTOS = YES_AGGRESSIVE;
				GCC_WARN_UNUSED_FUNCTION = YES;
				GCC_WARN_UNUSED_VARIABLE = YES;
				MACOSX_DEPLOYMENT_TARGET = 10.10;
				MTL_ENABLE_DEBUG_INFO = YES;
				ONLY_ACTIVE_ARCH = YES;
				SDKROOT = macosx;
				SWIFT_OPTIMIZATION_LEVEL = "-Onone";
			};
			name = Debug;
		};
		0C54D0C91B93380B004B8434 /* Release */ = {
			isa = XCBuildConfiguration;
			buildSettings = {
				ALWAYS_SEARCH_USER_PATHS = NO;
				CLANG_CXX_LANGUAGE_STANDARD = "gnu++0x";
				CLANG_CXX_LIBRARY = "libc++";
				CLANG_ENABLE_MODULES = YES;
				CLANG_ENABLE_OBJC_ARC = YES;
				CLANG_WARN_BOOL_CONVERSION = YES;
				CLANG_WARN_CONSTANT_CONVERSION = YES;
				CLANG_WARN_DIRECT_OBJC_ISA_USAGE = YES_ERROR;
				CLANG_WARN_EMPTY_BODY = YES;
				CLANG_WARN_ENUM_CONVERSION = YES;
				CLANG_WARN_INT_CONVERSION = YES;
				CLANG_WARN_OBJC_ROOT_CLASS = YES_ERROR;
				CLANG_WARN_UNREACHABLE_CODE = YES;
				CLANG_WARN__DUPLICATE_METHOD_MATCH = YES;
				COPY_PHASE_STRIP = NO;
				DEBUG_INFORMATION_FORMAT = "dwarf-with-dsym";
				ENABLE_NS_ASSERTIONS = NO;
				ENABLE_STRICT_OBJC_MSGSEND = YES;
				GCC_C_LANGUAGE_STANDARD = gnu99;
				GCC_NO_COMMON_BLOCKS = YES;
				GCC_WARN_64_TO_32_BIT_CONVERSION = YES;
				GCC_WARN_ABOUT_RETURN_TYPE = YES_ERROR;
				GCC_WARN_UNDECLARED_SELECTOR = YES;
				GCC_WARN_UNINITIALIZED_AUTOS = YES_AGGRESSIVE;
				GCC_WARN_UNUSED_FUNCTION = YES;
				GCC_WARN_UNUSED_VARIABLE = YES;
				MACOSX_DEPLOYMENT_TARGET = 10.10;
				MTL_ENABLE_DEBUG_INFO = NO;
				SDKROOT = macosx;
			};
			name = Release;
		};
		0C54D0CB1B93380B004B8434 /* Debug */ = {
			isa = XCBuildConfiguration;
			buildSettings = {
				PRODUCT_NAME = "$(TARGET_NAME)";
			};
			name = Debug;
		};
		0C54D0CC1B93380B004B8434 /* Release */ = {
			isa = XCBuildConfiguration;
			buildSettings = {
				PRODUCT_NAME = "$(TARGET_NAME)";
			};
			name = Release;
		};
/* End XCBuildConfiguration section */

/* Begin XCConfigurationList section */
		0C54D0BE1B93380B004B8434 /* Build configuration list for PBXProject "HelloSwift" */ = {
			isa = XCConfigurationList;
			buildConfigurations = (
				0C54D0C81B93380B004B8434 /* Debug */,
				0C54D0C91B93380B004B8434 /* Release */,
			);
			defaultConfigurationIsVisible = 0;
			defaultConfigurationName = Release;
		};
		0C54D0CA1B93380B004B8434 /* Build configuration list for PBXNativeTarget "HelloSwift" */ = {
			isa = XCConfigurationList;
			buildConfigurations = (
				0C54D0CB1B93380B004B8434 /* Debug */,
				0C54D0CC1B93380B004B8434 /* Release */,
			);
			defaultConfigurationIsVisible = 0;
			defaultConfigurationName = Release;
		};
/* End XCConfigurationList section */
	};
	rootObject = 0C54D0BB1B93380B004B8434 /* Project object */;
}
